
Microsoft Visual Studio Solution File, Format Version 12.00
# Visual Studio 2013
VisualStudioVersion = 12.0.30723.0
MinimumVisualStudioVersion = 10.0.40219.1
Project("{FAE04EC0-301F-11D3-BF4B-00C04F79EFBC}") = "ServerIPs", "ServerIPs\ServerIPs.csproj", "{4E1BA991-A144-4300-98C6-C643ABAFE2D7}"
EndProject
Project("{FAE04EC0-301F-11D3-BF4B-00C04F79EFBC}") = "ServerIPs.tests", "ServerIPs.tests\ServerIPs.tests.csproj", "{B7AEE774-CFD8-4C60-9E6B-775867010E96}"
EndProject
Project("{FAE04EC0-301F-11D3-BF4B-00C04F79EFBC}") = "LargestProductInAGrid", "LargestProductInAGrid\LargestProductInAGrid.csproj", "{180D261D-80E1-48AA-877D-1CA91D81013D}"
EndProject
Project("{FAE04EC0-301F-11D3-BF4B-00C04F79EFBC}") = "LargestProductInAGrid.tests", "LargestProductInAGrid.tests\LargestProductInAGrid.tests.csproj", "{D2ECCD59-43FB-4192-AF5A-8AD11D252E88}"
EndProject
Project("{F2A71F9B-5D33-465A-A702-920D77279786}") = "LargestProductInAGrid_FSharp", "LargestProductInAGrid_FSharp\LargestProductInAGrid_FSharp.fsproj", "{36D9FD52-ABD6-4038-8018-317F32A03E5E}"
EndProject
Project("{F2A71F9B-5D33-465A-A702-920D77279786}") = "ReverseHash", "ReverseHash\ReverseHash.fsproj", "{4156F16A-8312-4473-85D0-0609CA353AAD}"
EndProject
Project("{FAE04EC0-301F-11D3-BF4B-00C04F79EFBC}") = "ReverseHash.tests", "ReverseHash.tests\ReverseHash.tests.csproj", "{7ED0A383-73C0-48A2-B9AC-D8545164914C}"
EndProject
Global
	GlobalSection(SolutionConfigurationPlatforms) = preSolution
		Debug|Any CPU = Debug|Any CPU
		Release|Any CPU = Release|Any CPU
	EndGlobalSection
	GlobalSection(ProjectConfigurationPlatforms) = postSolution
		{4E1BA991-A144-4300-98C6-C643ABAFE2D7}.Debug|Any CPU.ActiveCfg = Debug|Any CPU
		{4E1BA991-A144-4300-98C6-C643ABAFE2D7}.Debug|Any CPU.Build.0 = Debug|Any CPU
		{4E1BA991-A144-4300-98C6-C643ABAFE2D7}.Release|Any CPU.ActiveCfg = Release|Any CPU
		{4E1BA991-A144-4300-98C6-C643ABAFE2D7}.Release|Any CPU.Build.0 = Release|Any CPU
		{B7AEE774-CFD8-4C60-9E6B-775867010E96}.Debug|Any CPU.ActiveCfg = Debug|Any CPU
		{B7AEE774-CFD8-4C60-9E6B-775867010E96}.Debug|Any CPU.Build.0 = Debug|Any CPU
		{B7AEE774-CFD8-4C60-9E6B-775867010E96}.Release|Any CPU.ActiveCfg = Release|Any CPU
		{B7AEE774-CFD8-4C60-9E6B-775867010E96}.Release|Any CPU.Build.0 = Release|Any CPU
		{180D261D-80E1-48AA-877D-1CA91D81013D}.Debug|Any CPU.ActiveCfg = Debug|Any CPU
		{180D261D-80E1-48AA-877D-1CA91D81013D}.Debug|Any CPU.Build.0 = Debug|Any CPU
		{180D261D-80E1-48AA-877D-1CA91D81013D}.Release|Any CPU.ActiveCfg = Release|Any CPU
		{180D261D-80E1-48AA-877D-1CA91D81013D}.Release|Any CPU.Build.0 = Release|Any CPU
		{D2ECCD59-43FB-4192-AF5A-8AD11D252E88}.Debug|Any CPU.ActiveCfg = Debug|Any CPU
		{D2ECCD59-43FB-4192-AF5A-8AD11D252E88}.Debug|Any CPU.Build.0 = Debug|Any CPU
		{D2ECCD59-43FB-4192-AF5A-8AD11D252E88}.Release|Any CPU.ActiveCfg = Release|Any CPU
		{D2ECCD59-43FB-4192-AF5A-8AD11D252E88}.Release|Any CPU.Build.0 = Release|Any CPU
		{36D9FD52-ABD6-4038-8018-317F32A03E5E}.Debug|Any CPU.ActiveCfg = Debug|Any CPU
		{36D9FD52-ABD6-4038-8018-317F32A03E5E}.Debug|Any CPU.Build.0 = Debug|Any CPU
		{36D9FD52-ABD6-4038-8018-317F32A03E5E}.Release|Any CPU.ActiveCfg = Release|Any CPU
		{36D9FD52-ABD6-4038-8018-317F32A03E5E}.Release|Any CPU.Build.0 = Release|Any CPU
		{4156F16A-8312-4473-85D0-0609CA353AAD}.Debug|Any CPU.ActiveCfg = Debug|Any CPU
		{4156F16A-8312-4473-85D0-0609CA353AAD}.Debug|Any CPU.Build.0 = Debug|Any CPU
		{4156F16A-8312-4473-85D0-0609CA353AAD}.Release|Any CPU.ActiveCfg = Release|Any CPU
		{4156F16A-8312-4473-85D0-0609CA353AAD}.Release|Any CPU.Build.0 = Release|Any CPU
		{7ED0A383-73C0-48A2-B9AC-D8545164914C}.Debug|Any CPU.ActiveCfg = Debug|Any CPU
		{7ED0A383-73C0-48A2-B9AC-D8545164914C}.Debug|Any CPU.Build.0 = Debug|Any CPU
		{7ED0A383-73C0-48A2-B9AC-D8545164914C}.Release|Any CPU.ActiveCfg = Release|Any CPU
		{7ED0A383-73C0-48A2-B9AC-D8545164914C}.Release|Any CPU.Build.0 = Release|Any CPU
	EndGlobalSection
	GlobalSection(SolutionProperties) = preSolution
		HideSolutionNode = FALSE
	EndGlobalSection
	GlobalSection(CodealikeProperties) = postSolution
		SolutionGuid = b9a6d88f-03ce-4276-ad69-df1e9fb3f447
	EndGlobalSection
EndGlobal
